github.com/JamesStewy/go-mysqldump v0.2.2 h1:tMtZDnIi2hz6H3Nna0TPhvWfBZlXe4i7vkjc5Vd8Gdo=
github.com/JamesStewy/go-mysqldump v0.2.2/go.mod h1:JuJhv4dTbe2OQpABlwqj0B+6E9VLjGLG1t4NJRTcB3w=
github.com/go-sql-driver/mysql v1.4.1 h1:g24URVg0OFbNUTx9qqY1IRZ9D9z3iPyi5zKhQZpNwpA=
github.com/go-sql-driver/mysql v1.4.1/go.mod h1:zAC/RDZ24gD3HViQzih4MyKcchzm+sOG5ZlKdlhCg5w=
github.com/t3rm1n4l/go-mega v0.0.0-20190205172012-55a226cf41da h1:hWHAUYEtxnj8tb2pHj5WPGEIE8leSi/3cMND8fUjsBE=
github.com/t3rm1n4l/go-mega v0.0.0-20190205172012-55a226cf41da/go.mod h1:XWL4vDyd3JKmJx+hZWUVgCNmmhZ2dTBcaNDcxH465s0=
golang.org/x/crypto v0.0.0-20190131182504-b8fe1690c613 h1:MQ/ZZiDsUapFFiMS+vzwXkCTeEKaum+Do5rINYJDmxc=
golang.org/x/crypto v0.0.0-20190131182504-b8fe1690c613/go.mod h1:6SG95UA2DQfeDnfUPMdvaQW0Q7yPrPDi9nlGo2tz2b4=
